
Microsoft Visual Studio Solution File, Format Version 12.00
# Visual Studio Version 16
VisualStudioVersion = 16.0.31005.135
MinimumVisualStudioVersion = 10.0.40219.1
Project("{9A19103F-16F7-4668-BE54-9A1E7A4F7556}") = "A", "A.csproj", "{42635A78-C6F5-4504-9EC2-592FB1DBE43C}"
EndProject
Global
	GlobalSection(SolutionConfigurationPlatforms) = preSolution
		Debug|Any CPU = Debug|Any CPU
		Release|Any CPU = Release|Any CPU
	EndGlobalSection
	GlobalSection(ProjectConfigurationPlatforms) = postSolution
		{42635A78-C6F5-4504-9EC2-592FB1DBE43C}.Debug|Any CPU.ActiveCfg = Debug|Any CPU
		{42635A78-C6F5-4504-9EC2-592FB1DBE43C}.Debug|Any CPU.Build.0 = Debug|Any CPU
		{42635A78-C6F5-4504-9EC2-592FB1DBE43C}.Release|Any CPU.ActiveCfg = Release|Any CPU
		{42635A78-C6F5-4504-9EC2-592FB1DBE43C}.Release|Any CPU.Build.0 = Release|Any CPU
	EndGlobalSection
	GlobalSection(SolutionProperties) = preSolution
		HideSolutionNode = FALSE
	EndGlobalSection
	GlobalSection(ExtensibilityGlobals) = postSolution
		SolutionGuid = {DC01A512-A28E-44FF-83B2-7612EFB279AD}
	EndGlobalSection
EndGlobal
